github.com/airbnb/lottie-web v5.12.2+incompatible h1:Ldogtlhiucf7mMsgisyxSBY0qunV44+lpa9Icy2KoQc=
github.com/airbnb/lottie-web v5.12.2+incompatible/go.mod h1:nTss557UK9FGnp8QYlCMO29tjUHwbdAHG/DprbGfHGE=
github.com/gethinode/hinode v0.20.1 h1:M2sNX1lpzwlogYFzn1fzZ5zTHU52zb7oSHIEnTze9LA=
github.com/gethinode/hinode v0.20.1/go.mod h1:55zVYVPWwIaJVdVXxDAQZn0sOXmPSA/kTLCuGLYCH/k=
github.com/gethinode/hinode v0.20.7 h1:oO94X9qLepgk5yPnyma0U80fZyx0LJGNNRJ2Px5na0Y=
github.com/gethinode/hinode v0.20.7/go.mod h1:NKzXcB6LErY5jTUhvi/w6TBihwjujLVNuWVbrcwUBOk=
github.com/nextapps-de/flexsearch v0.0.0-20230711092928-1243fd883ec3 h1:H/qVR5O4BXjRjD+5PZB+r4ug2BSJ2Of4RtwOntd+OKo=
github.com/nextapps-de/flexsearch v0.0.0-20230711092928-1243fd883ec3/go.mod h1:5GdMfPAXzbA2gXBqTjC6l27kioSYzHlqDMh0+wyx7sU=
github.com/twbs/bootstrap v5.3.2+incompatible h1:tuiO5acc6xnZUR77Sbi5aKWXxjYxbmsSbJwYrhAKoQQ=
github.com/twbs/bootstrap v5.3.2+incompatible/go.mod h1:fZTSrkpSf0/HkL0IIJzvVspTt1r9zuf7XlZau8kpcY0=
